<?xml version="1.0" encoding="UTF-8"?>
<Scheme
   LastUpgradeVersion = "1630"
   version = "1.7">
   <BuildAction
      parallelizeBuildables = "YES"
      buildImplicitDependencies = "YES"
      buildArchitectures = "Automatic">
      <BuildActionEntries>
         <BuildActionEntry
            buildForTesting = "YES"
            buildForRunning = "YES"
            buildForProfiling = "YES"
            buildForArchiving = "YES"
            buildForAnalyzing = "YES">
            <BuildableReference
               BuildableIdentifier = "primary"
               BlueprintIdentifier = "FCBA14CF14A1433F00AA698B"
               BuildableName = "echo"
               BlueprintName = "echo"
               ReferencedContainer = "container:shell_cmds.xcodeproj">
            </BuildableReference>
         </BuildActionEntry>
      </BuildActionEntries>
   </BuildAction>
   <TestAction
      buildConfiguration = "Debug"
      selectedDebuggerIdentifier = "Xcode.DebuggerFoundation.Debugger.LLDB"
      selectedLauncherIdentifier = "Xcode.DebuggerFoundation.Launcher.LLDB"
      shouldUseLaunchSchemeArgsEnv = "YES">
      <TestPlans>
         <TestPlanReference
            reference = "container:Tests/echoTest/echo.xctestplan"
            default = "YES">
         </TestPlanReference>
      </TestPlans>
   </TestAction>
   <LaunchAction
      buildConfiguration = "Debug"
      selectedDebuggerIdentifier = "Xcode.DebuggerFoundation.Debugger.LLDB"
      selectedLauncherIdentifier = "Xcode.DebuggerFoundation.Launcher.LLDB"
      launchStyle = "0"
      useCustomWorkingDirectory = "NO"
      ignoresPersistentStateOnLaunch = "NO"
      debugDocumentVersioning = "YES"
      debugServiceExtension = "internal"
      allowLocationSimulation = "YES"
      viewDebuggingEnabled = "No">
      <BuildableProductRunnable
         runnableDebuggingMode = "0">
         <BuildableReference
            BuildableIdentifier = "primary"
            BlueprintIdentifier = "FCBA14CF14A1433F00AA698B"
            BuildableName = "echo"
            BlueprintName = "echo"
            ReferencedContainer = "container:swift_shell_cmds.xcodeproj">
         </BuildableReference>
      </BuildableProductRunnable>
      <MacroExpansion>
         <BuildableReference
            BuildableIdentifier = "primary"
            BlueprintIdentifier = "FCBA14CF14A1433F00AA698B"
            BuildableName = "echo"
            BlueprintName = "echo"
            ReferencedContainer = "container:shell_cmds.xcodeproj">
         </BuildableReference>
      </MacroExpansion>
      <CommandLineArguments>
         <CommandLineArgument
            argument = "-n"
            isEnabled = "YES">
         </CommandLineArgument>
         <CommandLineArgument
            argument = "one"
            isEnabled = "YES">
         </CommandLineArgument>
         <CommandLineArgument
            argument = "two"
            isEnabled = "YES">
         </CommandLineArgument>
         <CommandLineArgument
            argument = "\\07"
            isEnabled = "YES">
         </CommandLineArgument>
         <CommandLineArgument
            argument = "\\b\\r"
            isEnabled = "NO">
         </CommandLineArgument>
         <CommandLineArgument
            argument = "three\"
            isEnabled = "YES">
         </CommandLineArgument>
         <CommandLineArgument
            argument = "\\c"
            isEnabled = "NO">
         </CommandLineArgument>
         <CommandLineArgument
            argument = "bloop"
            isEnabled = "YES">
         </CommandLineArgument>
         <CommandLineArgument
            argument = "clem\\"
            isEnabled = "YES">
         </CommandLineArgument>
      </CommandLineArguments>
      <EnvironmentVariables>
         <EnvironmentVariable
            key = "POSIXLY_CORRECT"
            value = "1"
            isEnabled = "YES">
         </EnvironmentVariable>
      </EnvironmentVariables>
   </LaunchAction>
   <ProfileAction
      buildConfiguration = "Release"
      shouldUseLaunchSchemeArgsEnv = "YES"
      savedToolIdentifier = ""
      useCustomWorkingDirectory = "NO"
      debugDocumentVersioning = "YES">
      <BuildableProductRunnable
         runnableDebuggingMode = "0">
         <BuildableReference
            BuildableIdentifier = "primary"
            BlueprintIdentifier = "FCBA14CF14A1433F00AA698B"
            BuildableName = "echo"
            BlueprintName = "echo"
            ReferencedContainer = "container:shell_cmds.xcodeproj">
         </BuildableReference>
      </BuildableProductRunnable>
      <MacroExpansion>
         <BuildableReference
            BuildableIdentifier = "primary"
            BlueprintIdentifier = "FCBA14CF14A1433F00AA698B"
            BuildableName = "echo"
            BlueprintName = "echo"
            ReferencedContainer = "container:shell_cmds.xcodeproj">
         </BuildableReference>
      </MacroExpansion>
   </ProfileAction>
   <AnalyzeAction
      buildConfiguration = "Release">
   </AnalyzeAction>
   <ArchiveAction
      buildConfiguration = "Release"
      revealArchiveInOrganizer = "YES">
   </ArchiveAction>
</Scheme>
