<?xml version="1.0" encoding="UTF-8"?>
<Scheme
   LastUpgradeVersion = "1600"
   version = "1.7">
   <BuildAction
      parallelizeBuildables = "YES"
      buildImplicitDependencies = "YES"
      buildArchitectures = "Automatic">
      <BuildActionEntries>
         <BuildActionEntry
            buildForTesting = "YES"
            buildForRunning = "YES"
            buildForProfiling = "YES"
            buildForArchiving = "YES"
            buildForAnalyzing = "YES">
            <BuildableReference
               BuildableIdentifier = "primary"
               BlueprintIdentifier = "E7A46F872C19084400AB34F5"
               BuildableName = "findTest.xctest"
               BlueprintName = "findTest"
               ReferencedContainer = "container:swift_shell_cmds.xcodeproj">
            </BuildableReference>
         </BuildActionEntry>
      </BuildActionEntries>
   </BuildAction>
   <TestAction
      buildConfiguration = "Debug"
      selectedDebuggerIdentifier = "Xcode.DebuggerFoundation.Debugger.LLDB"
      selectedLauncherIdentifier = "Xcode.DebuggerFoundation.Launcher.LLDB"
      shouldUseLaunchSchemeArgsEnv = "YES">
      <TestPlans>
         <TestPlanReference
            reference = "container:Tests/findTest/find.xctestplan"
            default = "YES">
         </TestPlanReference>
      </TestPlans>
   </TestAction>
   <LaunchAction
      buildConfiguration = "Release"
      selectedDebuggerIdentifier = "Xcode.DebuggerFoundation.Debugger.LLDB"
      selectedLauncherIdentifier = "Xcode.DebuggerFoundation.Launcher.LLDB"
      launchStyle = "0"
      useCustomWorkingDirectory = "NO"
      ignoresPersistentStateOnLaunch = "NO"
      debugDocumentVersioning = "YES"
      debugServiceExtension = "internal"
      allowLocationSimulation = "YES"
      viewDebuggingEnabled = "No">
      <BuildableProductRunnable
         runnableDebuggingMode = "0">
         <BuildableReference
            BuildableIdentifier = "primary"
            BlueprintIdentifier = "FCBA151E14A1455600AA698B"
            BuildableName = "find"
            BlueprintName = "find"
            ReferencedContainer = "container:swift_shell_cmds.xcodeproj">
         </BuildableReference>
      </BuildableProductRunnable>
      <CommandLineArguments>
         <CommandLineArgument
            argument = "/Users/r0ml/Downloads"
            isEnabled = "NO">
         </CommandLineArgument>
         <CommandLineArgument
            argument = "!"
            isEnabled = "NO">
         </CommandLineArgument>
         <CommandLineArgument
            argument = "-name"
            isEnabled = "NO">
         </CommandLineArgument>
         <CommandLineArgument
            argument = "*.pdf"
            isEnabled = "NO">
         </CommandLineArgument>
         <CommandLineArgument
            argument = "-execdir"
            isEnabled = "NO">
         </CommandLineArgument>
         <CommandLineArgument
            argument = "echo"
            isEnabled = "NO">
         </CommandLineArgument>
         <CommandLineArgument
            argument = "{}"
            isEnabled = "NO">
         </CommandLineArgument>
         <CommandLineArgument
            argument = ";"
            isEnabled = "NO">
         </CommandLineArgument>
         <CommandLineArgument
            argument = "+"
            isEnabled = "NO">
         </CommandLineArgument>
         <CommandLineArgument
            argument = "/Users/r0ml/Desktop/test"
            isEnabled = "NO">
         </CommandLineArgument>
         <CommandLineArgument
            argument = "-newer"
            isEnabled = "NO">
         </CommandLineArgument>
         <CommandLineArgument
            argument = "/Users/r0ml/Desktop/test/link2"
            isEnabled = "NO">
         </CommandLineArgument>
         <CommandLineArgument
            argument = "/Users/r0ml/Repositories/r0ml_shell_cmds"
            isEnabled = "YES">
         </CommandLineArgument>
         <CommandLineArgument
            argument = "-name"
            isEnabled = "YES">
         </CommandLineArgument>
         <CommandLineArgument
            argument = "path_helper.8"
            isEnabled = "YES">
         </CommandLineArgument>
      </CommandLineArguments>
   </LaunchAction>
   <ProfileAction
      buildConfiguration = "Release"
      shouldUseLaunchSchemeArgsEnv = "YES"
      savedToolIdentifier = ""
      useCustomWorkingDirectory = "NO"
      debugDocumentVersioning = "YES">
      <MacroExpansion>
         <BuildableReference
            BuildableIdentifier = "primary"
            BlueprintIdentifier = "FCBA151E14A1455600AA698B"
            BuildableName = "find"
            BlueprintName = "find"
            ReferencedContainer = "container:swift_shell_cmds.xcodeproj">
         </BuildableReference>
      </MacroExpansion>
   </ProfileAction>
   <AnalyzeAction
      buildConfiguration = "Release">
   </AnalyzeAction>
   <ArchiveAction
      buildConfiguration = "Release"
      revealArchiveInOrganizer = "YES">
   </ArchiveAction>
</Scheme>
