<?xml version="1.0" encoding="UTF-8"?>
<Scheme
   LastUpgradeVersion = "1640"
   version = "1.7">
   <BuildAction
      parallelizeBuildables = "YES"
      buildImplicitDependencies = "YES"
      buildArchitectures = "Automatic">
      <BuildActionEntries>
         <BuildActionEntry
            buildForTesting = "YES"
            buildForRunning = "YES"
            buildForProfiling = "YES"
            buildForArchiving = "YES"
            buildForAnalyzing = "YES">
            <BuildableReference
               BuildableIdentifier = "primary"
               BlueprintIdentifier = "FC5D638F14B9822D00123E48"
               BuildableName = "hexdump"
               BlueprintName = "hexdump"
               ReferencedContainer = "container:shell_cmds.xcodeproj">
            </BuildableReference>
         </BuildActionEntry>
         <BuildActionEntry
            buildForTesting = "YES"
            buildForRunning = "YES"
            buildForProfiling = "YES"
            buildForArchiving = "YES"
            buildForAnalyzing = "YES">
            <BuildableReference
               BuildableIdentifier = "primary"
               BlueprintIdentifier = "E7A46F942C1909E100AB34F5"
               BuildableName = "hexdumpTest.xctest"
               BlueprintName = "hexdumpTest"
               ReferencedContainer = "container:swift_shell_cmds.xcodeproj">
            </BuildableReference>
         </BuildActionEntry>
      </BuildActionEntries>
   </BuildAction>
   <TestAction
      buildConfiguration = "Debug"
      selectedDebuggerIdentifier = "Xcode.DebuggerFoundation.Debugger.LLDB"
      selectedLauncherIdentifier = "Xcode.DebuggerFoundation.Launcher.LLDB"
      shouldUseLaunchSchemeArgsEnv = "YES">
      <TestPlans>
         <TestPlanReference
            reference = "container:Tests/hexdumpTest/hexdump.xctestplan"
            default = "YES">
         </TestPlanReference>
      </TestPlans>
   </TestAction>
   <LaunchAction
      buildConfiguration = "Debug"
      selectedDebuggerIdentifier = "Xcode.DebuggerFoundation.Debugger.LLDB"
      selectedLauncherIdentifier = "Xcode.DebuggerFoundation.Launcher.LLDB"
      launchStyle = "0"
      useCustomWorkingDirectory = "NO"
      ignoresPersistentStateOnLaunch = "NO"
      debugDocumentVersioning = "YES"
      debugServiceExtension = "internal"
      allowLocationSimulation = "YES"
      viewDebuggingEnabled = "No">
      <BuildableProductRunnable
         runnableDebuggingMode = "0">
         <BuildableReference
            BuildableIdentifier = "primary"
            BlueprintIdentifier = "FC5D638F14B9822D00123E48"
            BuildableName = "hexdump"
            BlueprintName = "hexdump"
            ReferencedContainer = "container:swift_shell_cmds.xcodeproj">
         </BuildableReference>
      </BuildableProductRunnable>
      <MacroExpansion>
         <BuildableReference
            BuildableIdentifier = "primary"
            BlueprintIdentifier = "FC5D638F14B9822D00123E48"
            BuildableName = "hexdump"
            BlueprintName = "hexdump"
            ReferencedContainer = "container:shell_cmds.xcodeproj">
         </BuildableReference>
      </MacroExpansion>
      <CommandLineArguments>
         <CommandLineArgument
            argument = "-c"
            isEnabled = "YES">
         </CommandLineArgument>
         <CommandLineArgument
            argument = "-n"
            isEnabled = "NO">
         </CommandLineArgument>
         <CommandLineArgument
            argument = "1"
            isEnabled = "NO">
         </CommandLineArgument>
         <CommandLineArgument
            argument = "/Users/r0ml/AppleOpenSource/swift_shell_cmds/Tests/hexdumpTest/Resources/d_hexdump_b.in"
            isEnabled = "YES">
         </CommandLineArgument>
      </CommandLineArguments>
   </LaunchAction>
   <ProfileAction
      buildConfiguration = "Release"
      shouldUseLaunchSchemeArgsEnv = "YES"
      savedToolIdentifier = ""
      useCustomWorkingDirectory = "NO"
      debugDocumentVersioning = "YES">
      <BuildableProductRunnable
         runnableDebuggingMode = "0">
         <BuildableReference
            BuildableIdentifier = "primary"
            BlueprintIdentifier = "FC5D638F14B9822D00123E48"
            BuildableName = "hexdump"
            BlueprintName = "hexdump"
            ReferencedContainer = "container:shell_cmds.xcodeproj">
         </BuildableReference>
      </BuildableProductRunnable>
      <MacroExpansion>
         <BuildableReference
            BuildableIdentifier = "primary"
            BlueprintIdentifier = "FC5D638F14B9822D00123E48"
            BuildableName = "hexdump"
            BlueprintName = "hexdump"
            ReferencedContainer = "container:shell_cmds.xcodeproj">
         </BuildableReference>
      </MacroExpansion>
   </ProfileAction>
   <AnalyzeAction
      buildConfiguration = "Release">
   </AnalyzeAction>
   <ArchiveAction
      buildConfiguration = "Release"
      revealArchiveInOrganizer = "YES">
   </ArchiveAction>
</Scheme>
